{
  "name": "claude-switch",
  "version": "1.0.0",
  "lockfileVersion": 3,
  "requires": true,
  "packages": {
    "": {
      "name": "claude-switch",
      "version": "1.0.0",
      "license": "MIT",
      "os": [
        "win32",
        "darwin",
        "linux"
      ],
      "bin": {
        "cs": "bin/index.js"
      },
      "engines": {
        "node": ">=14.0.0"
      }
    }
  }
}
